
Microsoft Visual Studio Solution File, Format Version 12.00
# Visual Studio Version 16
VisualStudioVersion = 16.0.30330.147
MinimumVisualStudioVersion = 10.0.40219.1
Project("{9A19103F-16F7-4668-BE54-9A1E7A4F7556}") = "ApothecaryManager.Tests", "ApothecaryManager.Tests\ApothecaryManager.Tests.csproj", "{ABA305C9-5D57-4AE2-B626-F48743E99381}"
EndProject
Project("{9A19103F-16F7-4668-BE54-9A1E7A4F7556}") = "ApothecaryManager.WPF", "ApothecaryManager.WPF\ApothecaryManager.WPF.csproj", "{C9E63352-CDA0-47A1-BF16-8E0B3D2E39D4}"
EndProject
Project("{FAE04EC0-301F-11D3-BF4B-00C04F79EFBC}") = "ApothecaryManager.Api", "ApothecaryManager.Api\ApothecaryManager.Api.csproj", "{CAA4B20E-D330-4396-BB8C-85CC0C7F379A}"
EndProject
Project("{FAE04EC0-301F-11D3-BF4B-00C04F79EFBC}") = "ApothecaryData", "ApothecaryData\ApothecaryData.csproj", "{712C07FB-E384-4C72-A919-6E76317F7EA8}"
EndProject
Global
	GlobalSection(SolutionConfigurationPlatforms) = preSolution
		Debug|Any CPU = Debug|Any CPU
		Release|Any CPU = Release|Any CPU
	EndGlobalSection
	GlobalSection(ProjectConfigurationPlatforms) = postSolution
		{ABA305C9-5D57-4AE2-B626-F48743E99381}.Debug|Any CPU.ActiveCfg = Debug|Any CPU
		{ABA305C9-5D57-4AE2-B626-F48743E99381}.Debug|Any CPU.Build.0 = Debug|Any CPU
		{ABA305C9-5D57-4AE2-B626-F48743E99381}.Release|Any CPU.ActiveCfg = Release|Any CPU
		{ABA305C9-5D57-4AE2-B626-F48743E99381}.Release|Any CPU.Build.0 = Release|Any CPU
		{C9E63352-CDA0-47A1-BF16-8E0B3D2E39D4}.Debug|Any CPU.ActiveCfg = Debug|Any CPU
		{C9E63352-CDA0-47A1-BF16-8E0B3D2E39D4}.Debug|Any CPU.Build.0 = Debug|Any CPU
		{C9E63352-CDA0-47A1-BF16-8E0B3D2E39D4}.Release|Any CPU.ActiveCfg = Release|Any CPU
		{C9E63352-CDA0-47A1-BF16-8E0B3D2E39D4}.Release|Any CPU.Build.0 = Release|Any CPU
		{CAA4B20E-D330-4396-BB8C-85CC0C7F379A}.Debug|Any CPU.ActiveCfg = Debug|Any CPU
		{CAA4B20E-D330-4396-BB8C-85CC0C7F379A}.Debug|Any CPU.Build.0 = Debug|Any CPU
		{CAA4B20E-D330-4396-BB8C-85CC0C7F379A}.Release|Any CPU.ActiveCfg = Release|Any CPU
		{CAA4B20E-D330-4396-BB8C-85CC0C7F379A}.Release|Any CPU.Build.0 = Release|Any CPU
		{712C07FB-E384-4C72-A919-6E76317F7EA8}.Debug|Any CPU.ActiveCfg = Debug|Any CPU
		{712C07FB-E384-4C72-A919-6E76317F7EA8}.Debug|Any CPU.Build.0 = Debug|Any CPU
		{712C07FB-E384-4C72-A919-6E76317F7EA8}.Release|Any CPU.ActiveCfg = Release|Any CPU
		{712C07FB-E384-4C72-A919-6E76317F7EA8}.Release|Any CPU.Build.0 = Release|Any CPU
	EndGlobalSection
	GlobalSection(SolutionProperties) = preSolution
		HideSolutionNode = FALSE
	EndGlobalSection
	GlobalSection(ExtensibilityGlobals) = postSolution
		SolutionGuid = {F1AB3414-CF96-425E-BA47-1530811727F6}
	EndGlobalSection
EndGlobal
